<?xml version="1.0" encoding="utf-8"?>
<Project ToolsVersion="4.0" xmlns="http://schemas.microsoft.com/developer/msbuild/2003">
  <ItemGroup>
    <Filter Include="Source Files">
      <UniqueIdentifier>{4FC737F1-C7A5-4376-A066-2A32D752A2FF}</UniqueIdentifier>
      <Extensions>cpp;c;cc;cxx;def;odl;idl;hpj;bat;asm;asmx</Extensions>
    </Filter>
    <Filter Include="Header Files">
      <UniqueIdentifier>{93995380-89BD-4b04-88EB-625FBE52EBFB}</UniqueIdentifier>
      <Extensions>h;hh;hpp;hxx;hm;inl;inc;ipp;xsd</Extensions>
    </Filter>
    <Filter Include="Resource Files">
      <UniqueIdentifier>{67DA6AB6-F800-4c08-8B7A-83BB121AAD01}</UniqueIdentifier>
      <Extensions>rc;ico;cur;bmp;dlg;rc2;rct;bin;rgs;gif;jpg;jpeg;jpe;resx;tiff;tif;png;wav;mfcribbon-ms</Extensions>
    </Filter>
    <Filter Include="Header Files\Repository">
      <UniqueIdentifier>{d38133b5-edfa-4a80-a403-a9e854889ea5}</UniqueIdentifier>
    </Filter>
    <Filter Include="Source Files\Validator">
      <UniqueIdentifier>{62dab57e-21aa-4b8e-81da-42ab850750ba}</UniqueIdentifier>
    </Filter>
    <Filter Include="Source Files\Repository">
      <UniqueIdentifier>{5a2385f6-a705-4ffd-a1d3-ced2f195bda3}</UniqueIdentifier>
    </Filter>
    <Filter Include="Header Files\Validator">
      <UniqueIdentifier>{5482191c-e31d-4423-9392-76da815a1633}</UniqueIdentifier>
    </Filter>
  </ItemGroup>
  <ItemGroup>
    <ClInclude Include="Testing.h">
      <Filter>Header Files</Filter>
    </ClInclude>
    <ClInclude Include="Console.h">
      <Filter>Header Files</Filter>
    </ClInclude>
    <ClInclude Include="Recording.h">
      <Filter>Header Files</Filter>
    </ClInclude>
    <ClInclude Include="RecordingController.h">
      <Filter>Header Files</Filter>
    </ClInclude>
    <ClInclude Include="RecordingException.h">
      <Filter>Header Files</Filter>
    </ClInclude>
    <ClInclude Include="RecordingFakeRepository.h">
      <Filter>Header Files\Repository</Filter>
    </ClInclude>
    <ClInclude Include="RecordingRepository.h">
      <Filter>Header Files\Repository</Filter>
    </ClInclude>
    <ClInclude Include="RecordingValidator.h">
      <Filter>Header Files\Validator</Filter>
    </ClInclude>
    <ClInclude Include="RecordingFakeValidator.h">
      <Filter>Header Files\Validator</Filter>
    </ClInclude>
    <ClInclude Include="WatchlistRepository.h">
      <Filter>Header Files\Repository</Filter>
    </ClInclude>
    <ClInclude Include="WatchlistFakeRepository.h">
      <Filter>Header Files\Repository</Filter>
    </ClInclude>
    <ClInclude Include="WatchlistCSVRepository.h">
      <Filter>Header Files\Repository</Filter>
    </ClInclude>
    <ClInclude Include="WatchlistHTMLRepository.h">
      <Filter>Header Files\Repository</Filter>
    </ClInclude>
  </ItemGroup>
  <ItemGroup>
    <ClCompile Include="Recording.cpp">
      <Filter>Source Files</Filter>
    </ClCompile>
    <ClCompile Include="RecordingController.cpp">
      <Filter>Source Files</Filter>
    </ClCompile>
    <ClCompile Include="Source.cpp">
      <Filter>Source Files</Filter>
    </ClCompile>
    <ClCompile Include="Testing.cpp">
      <Filter>Source Files</Filter>
    </ClCompile>
    <ClCompile Include="Console.cpp">
      <Filter>Source Files</Filter>
    </ClCompile>
    <ClCompile Include="RecordingFakeValidator.cpp">
      <Filter>Source Files\Validator</Filter>
    </ClCompile>
    <ClCompile Include="RecordingValidator.cpp">
      <Filter>Source Files\Validator</Filter>
    </ClCompile>
    <ClCompile Include="RecordingFakeRepository.cpp">
      <Filter>Source Files\Repository</Filter>
    </ClCompile>
    <ClCompile Include="RecordingRepository.cpp">
      <Filter>Source Files\Repository</Filter>
    </ClCompile>
    <ClCompile Include="WatchlistRepository.cpp">
      <Filter>Source Files\Repository</Filter>
    </ClCompile>
    <ClCompile Include="WatchlistFakeRepository.cpp">
      <Filter>Source Files\Repository</Filter>
    </ClCompile>
    <ClCompile Include="WatchlistCSVRepository.cpp">
      <Filter>Source Files\Repository</Filter>
    </ClCompile>
    <ClCompile Include="WatchlistHTMLRepository.cpp">
      <Filter>Source Files\Repository</Filter>
    </ClCompile>
  </ItemGroup>
  <ItemGroup>
    <Text Include="TestInput.txt">
      <Filter>Resource Files</Filter>
    </Text>
    <Text Include="TestsPassed.txt">
      <Filter>Resource Files</Filter>
    </Text>
  </ItemGroup>
</Project>