<?xml version="1.0" encoding="utf-8"?>
<Project ToolsVersion="4.0" xmlns="http://schemas.microsoft.com/developer/msbuild/2003">
  <ItemGroup>
    <ClCompile Include="lab11convergence.cpp">
      <Filter>Source Files</Filter>
    </ClCompile>
    <ClCompile Include="Recording.cpp">
      <Filter>Source Files</Filter>
    </ClCompile>
    <ClCompile Include="RecordingController.cpp">
      <Filter>Source Files</Filter>
    </ClCompile>
    <ClCompile Include="RecordingFakeRepository.cpp">
      <Filter>Source Files\Repository</Filter>
    </ClCompile>
    <ClCompile Include="RecordingRepository.cpp">
      <Filter>Source Files\Repository</Filter>
    </ClCompile>
    <ClCompile Include="WatchlistCSVRepository.cpp">
      <Filter>Source Files\Repository</Filter>
    </ClCompile>
    <ClCompile Include="WatchlistFakeRepository.cpp">
      <Filter>Source Files\Repository</Filter>
    </ClCompile>
    <ClCompile Include="WatchlistHTMLRepository.cpp">
      <Filter>Source Files\Repository</Filter>
    </ClCompile>
    <ClCompile Include="WatchlistRepository.cpp">
      <Filter>Source Files\Repository</Filter>
    </ClCompile>
    <ClCompile Include="RecordingFakeValidator.cpp">
      <Filter>Source Files\Validator</Filter>
    </ClCompile>
    <ClCompile Include="RecordingValidator.cpp">
      <Filter>Source Files\Validator</Filter>
    </ClCompile>
    <ClCompile Include="RecordingModel.cpp">
      <Filter>Source Files</Filter>
    </ClCompile>
    <ClCompile Include="Testing.cpp">
      <Filter>Source Files</Filter>
    </ClCompile>
    <ClCompile Include="main.cpp">
      <Filter>Source Files</Filter>
    </ClCompile>
  </ItemGroup>
  <ItemGroup>
    <Filter Include="Resource Files">
      <UniqueIdentifier>{D9D6E242-F8AF-46E4-B9FD-80ECBC20BA3E}</UniqueIdentifier>
      <Extensions>qrc;*</Extensions>
      <ParseFiles>false</ParseFiles>
    </Filter>
    <Filter Include="Source Files">
      <UniqueIdentifier>{4FC737F1-C7A5-4376-A066-2A32D752A2FF}</UniqueIdentifier>
      <Extensions>cpp;c;cc;cxx;def;odl;idl;hpj;bat;asm;asmx</Extensions>
      <ParseFiles>true</ParseFiles>
    </Filter>
    <Filter Include="Header Files">
      <UniqueIdentifier>{93995380-89BD-4b04-88EB-625FBE52EBFB}</UniqueIdentifier>
      <Extensions>h;hh;hpp;hxx;hm;inl;inc;xsd</Extensions>
      <ParseFiles>true</ParseFiles>
    </Filter>
    <Filter Include="Form Files">
      <UniqueIdentifier>{99349809-55BA-4b9d-BF79-8FDBB0286EB3}</UniqueIdentifier>
      <Extensions>ui</Extensions>
      <ParseFiles>true</ParseFiles>
    </Filter>
    <Filter Include="Source Files\Repository">
      <UniqueIdentifier>{255c4f20-7f23-4b0c-a5fe-ff7ff3b09836}</UniqueIdentifier>
    </Filter>
    <Filter Include="Source Files\Validator">
      <UniqueIdentifier>{95708341-2a36-443d-b90b-a18a41ba8797}</UniqueIdentifier>
    </Filter>
    <Filter Include="Header Files\Validator">
      <UniqueIdentifier>{8c684c77-9dfb-4b72-bca8-e2017b988f4d}</UniqueIdentifier>
    </Filter>
    <Filter Include="Header Files\Repository">
      <UniqueIdentifier>{5b5f7916-17cf-42fb-821e-52b4f7285a3a}</UniqueIdentifier>
    </Filter>
  </ItemGroup>
  <ItemGroup>
    <QtMoc Include="lab11convergence.h">
      <Filter>Header Files</Filter>
    </QtMoc>
  </ItemGroup>
  <ItemGroup>
    <QtUic Include="lab11convergence.ui">
      <Filter>Form Files</Filter>
    </QtUic>
  </ItemGroup>
  <ItemGroup>
    <QtRcc Include="lab11convergence.qrc">
      <Filter>Resource Files</Filter>
    </QtRcc>
  </ItemGroup>
  <ItemGroup>
    <ClInclude Include="RecordingController.h">
      <Filter>Header Files</Filter>
    </ClInclude>
    <ClInclude Include="RecordingException.h">
      <Filter>Header Files</Filter>
    </ClInclude>
    <ClInclude Include="Recording.h">
      <Filter>Header Files</Filter>
    </ClInclude>
    <ClInclude Include="RecordingFakeValidator.h">
      <Filter>Header Files\Validator</Filter>
    </ClInclude>
    <ClInclude Include="RecordingValidator.h">
      <Filter>Header Files\Validator</Filter>
    </ClInclude>
    <ClInclude Include="RecordingFakeRepository.h">
      <Filter>Header Files\Repository</Filter>
    </ClInclude>
    <ClInclude Include="RecordingRepository.h">
      <Filter>Header Files\Repository</Filter>
    </ClInclude>
    <ClInclude Include="WatchlistCSVRepository.h">
      <Filter>Header Files\Repository</Filter>
    </ClInclude>
    <ClInclude Include="WatchlistFakeRepository.h">
      <Filter>Header Files\Repository</Filter>
    </ClInclude>
    <ClInclude Include="WatchlistHTMLRepository.h">
      <Filter>Header Files\Repository</Filter>
    </ClInclude>
    <ClInclude Include="WatchlistRepository.h">
      <Filter>Header Files\Repository</Filter>
    </ClInclude>
    <ClInclude Include="RecordingModel.h">
      <Filter>Header Files</Filter>
    </ClInclude>
    <ClInclude Include="Testing.h">
      <Filter>Header Files</Filter>
    </ClInclude>
  </ItemGroup>
  <ItemGroup>
    <Text Include="TestInput.txt">
      <Filter>Resource Files</Filter>
    </Text>
    <Text Include="TestsPassed.txt">
      <Filter>Resource Files</Filter>
    </Text>
  </ItemGroup>
</Project>