
Microsoft Visual Studio Solution File, Format Version 12.00
# Visual Studio 15
VisualStudioVersion = 15.0.28307.438
MinimumVisualStudioVersion = 10.0.40219.1
Project("{8BC9CEB8-8B4A-11D0-8D11-00A0C91BC942}") = "lab3-first-encounters", "lab3-first-encounters\lab3-first-encounters.vcxproj", "{F61F1574-CCDA-4C84-A2C6-27EB779B0019}"
EndProject
Global
	GlobalSection(SolutionConfigurationPlatforms) = preSolution
		Debug|x64 = Debug|x64
		Debug|x86 = Debug|x86
		Release|x64 = Release|x64
		Release|x86 = Release|x86
	EndGlobalSection
	GlobalSection(ProjectConfigurationPlatforms) = postSolution
		{F61F1574-CCDA-4C84-A2C6-27EB779B0019}.Debug|x64.ActiveCfg = Debug|x64
		{F61F1574-CCDA-4C84-A2C6-27EB779B0019}.Debug|x64.Build.0 = Debug|x64
		{F61F1574-CCDA-4C84-A2C6-27EB779B0019}.Debug|x86.ActiveCfg = Debug|Win32
		{F61F1574-CCDA-4C84-A2C6-27EB779B0019}.Debug|x86.Build.0 = Debug|Win32
		{F61F1574-CCDA-4C84-A2C6-27EB779B0019}.Release|x64.ActiveCfg = Release|x64
		{F61F1574-CCDA-4C84-A2C6-27EB779B0019}.Release|x64.Build.0 = Release|x64
		{F61F1574-CCDA-4C84-A2C6-27EB779B0019}.Release|x86.ActiveCfg = Release|Win32
		{F61F1574-CCDA-4C84-A2C6-27EB779B0019}.Release|x86.Build.0 = Release|Win32
	EndGlobalSection
	GlobalSection(SolutionProperties) = preSolution
		HideSolutionNode = FALSE
	EndGlobalSection
	GlobalSection(ExtensibilityGlobals) = postSolution
		SolutionGuid = {1BAEDCF9-8BC6-4614-90E4-C323E89FA260}
	EndGlobalSection
EndGlobal
